// !$*UTF8*$!
{
	archiveVersion = 1;
	classes = {
	};
	objectVersion = 50;
	objects = {

/* Begin PBXBuildFile section */
		4CD2DA27273BACC8004CA25F /* AppDelegate.swift in Sources */ = {isa = PBXBuildFile; fileRef = 4CD2DA26273BACC8004CA25F /* AppDelegate.swift */; };
		4CD2DA29273BACC8004CA25F /* SceneDelegate.swift in Sources */ = {isa = PBXBuildFile; fileRef = 4CD2DA28273BACC8004CA25F /* SceneDelegate.swift */; };
		4CD2DA2E273BACC8004CA25F /* Main.storyboard in Resources */ = {isa = PBXBuildFile; fileRef = 4CD2DA2C273BACC8004CA25F /* Main.storyboard */; };
		4CD2DA30273BACCA004CA25F /* Assets.xcassets in Resources */ = {isa = PBXBuildFile; fileRef = 4CD2DA2F273BACCA004CA25F /* Assets.xcassets */; };
		4CD2DA33273BACCA004CA25F /* LaunchScreen.storyboard in Resources */ = {isa = PBXBuildFile; fileRef = 4CD2DA31273BACCA004CA25F /* LaunchScreen.storyboard */; };
		4CD2DA3E273BACCA004CA25F /* GitRepoSearchTests.swift in Sources */ = {isa = PBXBuildFile; fileRef = 4CD2DA3D273BACCA004CA25F /* GitRepoSearchTests.swift */; };
		4CD2DA49273BACCA004CA25F /* GitRepoSearchUITests.swift in Sources */ = {isa = PBXBuildFile; fileRef = 4CD2DA48273BACCA004CA25F /* GitRepoSearchUITests.swift */; };
		4CD2DA5C273BADA3004CA25F /* Items.swift in Sources */ = {isa = PBXBuildFile; fileRef = 4CD2DA5B273BADA3004CA25F /* Items.swift */; };
		4CD2DA63273BADB9004CA25F /* Owner.swift in Sources */ = {isa = PBXBuildFile; fileRef = 4CD2DA60273BADB9004CA25F /* Owner.swift */; };
		4CD2DA64273BADB9004CA25F /* searchRepoResponse.swift in Sources */ = {isa = PBXBuildFile; fileRef = 4CD2DA61273BADB9004CA25F /* searchRepoResponse.swift */; };
		4CD2DA65273BADB9004CA25F /* License.swift in Sources */ = {isa = PBXBuildFile; fileRef = 4CD2DA62273BADB9004CA25F /* License.swift */; };
		4CD2DA6E273BAE2A004CA25F /* SearchRepoViewController.swift in Sources */ = {isa = PBXBuildFile; fileRef = 4CD2DA6D273BAE2A004CA25F /* SearchRepoViewController.swift */; };
		4CD2DA73273BAE37004CA25F /* WebViewController.swift in Sources */ = {isa = PBXBuildFile; fileRef = 4CD2DA72273BAE37004CA25F /* WebViewController.swift */; };
		4CD2DA7B273BAFD5004CA25F /* API.swift in Sources */ = {isa = PBXBuildFile; fileRef = 4CD2DA7A273BAFD5004CA25F /* API.swift */; };
		4CD2DA80273BAFDE004CA25F /* Http.swift in Sources */ = {isa = PBXBuildFile; fileRef = 4CD2DA7F273BAFDE004CA25F /* Http.swift */; };
		4CD2DAAC273BBB30004CA25F /* NetWork.swift in Sources */ = {isa = PBXBuildFile; fileRef = 4CD2DAAB273BBB30004CA25F /* NetWork.swift */; };
		4CD2DAB3273BC0AF004CA25F /* UIView+DismissKeyBoard.swift in Sources */ = {isa = PBXBuildFile; fileRef = 4CD2DAB2273BC0AF004CA25F /* UIView+DismissKeyBoard.swift */; };
/* End PBXBuildFile section */

/* Begin PBXContainerItemProxy section */
		4CD2DA3A273BACCA004CA25F /* PBXContainerItemProxy */ = {
			isa = PBXContainerItemProxy;
			containerPortal = 4CD2DA1B273BACC8004CA25F /* Project object */;
			proxyType = 1;
			remoteGlobalIDString = 4CD2DA22273BACC8004CA25F;
			remoteInfo = GitRepoSearch;
		};
		4CD2DA45273BACCA004CA25F /* PBXContainerItemProxy */ = {
			isa = PBXContainerItemProxy;
			containerPortal = 4CD2DA1B273BACC8004CA25F /* Project object */;
			proxyType = 1;
			remoteGlobalIDString = 4CD2DA22273BACC8004CA25F;
			remoteInfo = GitRepoSearch;
		};
/* End PBXContainerItemProxy section */

/* Begin PBXFileReference section */
		4CD2DA23273BACC8004CA25F /* GitRepoSearch.app */ = {isa = PBXFileReference; explicitFileType = wrapper.application; includeInIndex = 0; path = GitRepoSearch.app; sourceTree = BUILT_PRODUCTS_DIR; };
		4CD2DA26273BACC8004CA25F /* AppDelegate.swift */ = {isa = PBXFileReference; lastKnownFileType = sourcecode.swift; path = AppDelegate.swift; sourceTree = "<group>"; };
		4CD2DA28273BACC8004CA25F /* SceneDelegate.swift */ = {isa = PBXFileReference; lastKnownFileType = sourcecode.swift; path = SceneDelegate.swift; sourceTree = "<group>"; };
		4CD2DA2D273BACC8004CA25F /* Base */ = {isa = PBXFileReference; lastKnownFileType = file.storyboard; name = Base; path = Base.lproj/Main.storyboard; sourceTree = "<group>"; };
		4CD2DA2F273BACCA004CA25F /* Assets.xcassets */ = {isa = PBXFileReference; lastKnownFileType = folder.assetcatalog; path = Assets.xcassets; sourceTree = "<group>"; };
		4CD2DA32273BACCA004CA25F /* Base */ = {isa = PBXFileReference; lastKnownFileType = file.storyboard; name = Base; path = Base.lproj/LaunchScreen.storyboard; sourceTree = "<group>"; };
		4CD2DA34273BACCA004CA25F /* Info.plist */ = {isa = PBXFileReference; lastKnownFileType = text.plist.xml; path = Info.plist; sourceTree = "<group>"; };
		4CD2DA39273BACCA004CA25F /* GitRepoSearchTests.xctest */ = {isa = PBXFileReference; explicitFileType = wrapper.cfbundle; includeInIndex = 0; path = GitRepoSearchTests.xctest; sourceTree = BUILT_PRODUCTS_DIR; };
		4CD2DA3D273BACCA004CA25F /* GitRepoSearchTests.swift */ = {isa = PBXFileReference; lastKnownFileType = sourcecode.swift; path = GitRepoSearchTests.swift; sourceTree = "<group>"; };
		4CD2DA3F273BACCA004CA25F /* Info.plist */ = {isa = PBXFileReference; lastKnownFileType = text.plist.xml; path = Info.plist; sourceTree = "<group>"; };
		4CD2DA44273BACCA004CA25F /* GitRepoSearchUITests.xctest */ = {isa = PBXFileReference; explicitFileType = wrapper.cfbundle; includeInIndex = 0; path = GitRepoSearchUITests.xctest; sourceTree = BUILT_PRODUCTS_DIR; };
		4CD2DA48273BACCA004CA25F /* GitRepoSearchUITests.swift */ = {isa = PBXFileReference; lastKnownFileType = sourcecode.swift; path = GitRepoSearchUITests.swift; sourceTree = "<group>"; };
		4CD2DA4A273BACCA004CA25F /* Info.plist */ = {isa = PBXFileReference; lastKnownFileType = text.plist.xml; path = Info.plist; sourceTree = "<group>"; };
		4CD2DA5B273BADA3004CA25F /* Items.swift */ = {isa = PBXFileReference; fileEncoding = 4; lastKnownFileType = sourcecode.swift; path = Items.swift; sourceTree = "<group>"; };
		4CD2DA60273BADB9004CA25F /* Owner.swift */ = {isa = PBXFileReference; fileEncoding = 4; lastKnownFileType = sourcecode.swift; path = Owner.swift; sourceTree = "<group>"; };
		4CD2DA61273BADB9004CA25F /* searchRepoResponse.swift */ = {isa = PBXFileReference; fileEncoding = 4; lastKnownFileType = sourcecode.swift; path = searchRepoResponse.swift; sourceTree = "<group>"; };
		4CD2DA62273BADB9004CA25F /* License.swift */ = {isa = PBXFileReference; fileEncoding = 4; lastKnownFileType = sourcecode.swift; path = License.swift; sourceTree = "<group>"; };
		4CD2DA6D273BAE2A004CA25F /* SearchRepoViewController.swift */ = {isa = PBXFileReference; lastKnownFileType = sourcecode.swift; path = SearchRepoViewController.swift; sourceTree = "<group>"; };
		4CD2DA72273BAE37004CA25F /* WebViewController.swift */ = {isa = PBXFileReference; lastKnownFileType = sourcecode.swift; path = WebViewController.swift; sourceTree = "<group>"; };
		4CD2DA7A273BAFD5004CA25F /* API.swift */ = {isa = PBXFileReference; lastKnownFileType = sourcecode.swift; path = API.swift; sourceTree = "<group>"; };
		4CD2DA7F273BAFDE004CA25F /* Http.swift */ = {isa = PBXFileReference; lastKnownFileType = sourcecode.swift; path = Http.swift; sourceTree = "<group>"; };
		4CD2DAAB273BBB30004CA25F /* NetWork.swift */ = {isa = PBXFileReference; lastKnownFileType = sourcecode.swift; path = NetWork.swift; sourceTree = "<group>"; };
		4CD2DAB2273BC0AF004CA25F /* UIView+DismissKeyBoard.swift */ = {isa = PBXFileReference; lastKnownFileType = sourcecode.swift; path = "UIView+DismissKeyBoard.swift"; sourceTree = "<group>"; };
/* End PBXFileReference section */

/* Begin PBXFrameworksBuildPhase section */
		4CD2DA20273BACC8004CA25F /* Frameworks */ = {
			isa = PBXFrameworksBuildPhase;
			buildActionMask = 2147483647;
			files = (
			);
			runOnlyForDeploymentPostprocessing = 0;
		};
		4CD2DA36273BACCA004CA25F /* Frameworks */ = {
			isa = PBXFrameworksBuildPhase;
			buildActionMask = 2147483647;
			files = (
			);
			runOnlyForDeploymentPostprocessing = 0;
		};
		4CD2DA41273BACCA004CA25F /* Frameworks */ = {
			isa = PBXFrameworksBuildPhase;
			buildActionMask = 2147483647;
			files = (
			);
			runOnlyForDeploymentPostprocessing = 0;
		};
/* End PBXFrameworksBuildPhase section */

/* Begin PBXGroup section */
		4CD2DA1A273BACC8004CA25F = {
			isa = PBXGroup;
			children = (
				4CD2DA25273BACC8004CA25F /* GitRepoSearch */,
				4CD2DA3C273BACCA004CA25F /* GitRepoSearchTests */,
				4CD2DA47273BACCA004CA25F /* GitRepoSearchUITests */,
				4CD2DA24273BACC8004CA25F /* Products */,
			);
			sourceTree = "<group>";
		};
		4CD2DA24273BACC8004CA25F /* Products */ = {
			isa = PBXGroup;
			children = (
				4CD2DA23273BACC8004CA25F /* GitRepoSearch.app */,
				4CD2DA39273BACCA004CA25F /* GitRepoSearchTests.xctest */,
				4CD2DA44273BACCA004CA25F /* GitRepoSearchUITests.xctest */,
			);
			name = Products;
			sourceTree = "<group>";
		};
		4CD2DA25273BACC8004CA25F /* GitRepoSearch */ = {
			isa = PBXGroup;
			children = (
				4CD2DA59273BAD5D004CA25F /* Model */,
				4CD2DA5A273BAD6C004CA25F /* ViewController */,
				4CD2DAB1273BC07E004CA25F /* Extension */,
				4CD2DA6C273BAE02004CA25F /* Server */,
				4CD2DA26273BACC8004CA25F /* AppDelegate.swift */,
				4CD2DA28273BACC8004CA25F /* SceneDelegate.swift */,
				4CD2DA2C273BACC8004CA25F /* Main.storyboard */,
				4CD2DA2F273BACCA004CA25F /* Assets.xcassets */,
				4CD2DA31273BACCA004CA25F /* LaunchScreen.storyboard */,
				4CD2DA34273BACCA004CA25F /* Info.plist */,
			);
			path = GitRepoSearch;
			sourceTree = "<group>";
		};
		4CD2DA3C273BACCA004CA25F /* GitRepoSearchTests */ = {
			isa = PBXGroup;
			children = (
				4CD2DA3D273BACCA004CA25F /* GitRepoSearchTests.swift */,
				4CD2DA3F273BACCA004CA25F /* Info.plist */,
			);
			path = GitRepoSearchTests;
			sourceTree = "<group>";
		};
		4CD2DA47273BACCA004CA25F /* GitRepoSearchUITests */ = {
			isa = PBXGroup;
			children = (
				4CD2DA48273BACCA004CA25F /* GitRepoSearchUITests.swift */,
				4CD2DA4A273BACCA004CA25F /* Info.plist */,
			);
			path = GitRepoSearchUITests;
			sourceTree = "<group>";
		};
		4CD2DA59273BAD5D004CA25F /* Model */ = {
			isa = PBXGroup;
			children = (
				4CD2DA5B273BADA3004CA25F /* Items.swift */,
				4CD2DA61273BADB9004CA25F /* searchRepoResponse.swift */,
				4CD2DA62273BADB9004CA25F /* License.swift */,
				4CD2DA60273BADB9004CA25F /* Owner.swift */,
			);
			path = Model;
			sourceTree = "<group>";
		};
		4CD2DA5A273BAD6C004CA25F /* ViewController */ = {
			isa = PBXGroup;
			children = (
				4CD2DA6D273BAE2A004CA25F /* SearchRepoViewController.swift */,
				4CD2DA72273BAE37004CA25F /* WebViewController.swift */,
			);
			path = ViewController;
			sourceTree = "<group>";
		};
		4CD2DA6C273BAE02004CA25F /* Server */ = {
			isa = PBXGroup;
			children = (
				4CD2DA7A273BAFD5004CA25F /* API.swift */,
				4CD2DA7F273BAFDE004CA25F /* Http.swift */,
				4CD2DAAB273BBB30004CA25F /* NetWork.swift */,
			);
			path = Server;
			sourceTree = "<group>";
		};
		4CD2DAB1273BC07E004CA25F /* Extension */ = {
			isa = PBXGroup;
			children = (
				4CD2DAB2273BC0AF004CA25F /* UIView+DismissKeyBoard.swift */,
			);
			path = Extension;
			sourceTree = "<group>";
		};
/* End PBXGroup section */

/* Begin PBXNativeTarget section */
		4CD2DA22273BACC8004CA25F /* GitRepoSearch */ = {
			isa = PBXNativeTarget;
			buildConfigurationList = 4CD2DA4D273BACCA004CA25F /* Build configuration list for PBXNativeTarget "GitRepoSearch" */;
			buildPhases = (
				4CD2DA1F273BACC8004CA25F /* Sources */,
				4CD2DA20273BACC8004CA25F /* Frameworks */,
				4CD2DA21273BACC8004CA25F /* Resources */,
			);
			buildRules = (
			);
			dependencies = (
			);
			name = GitRepoSearch;
			productName = GitRepoSearch;
			productReference = 4CD2DA23273BACC8004CA25F /* GitRepoSearch.app */;
			productType = "com.apple.product-type.application";
		};
		4CD2DA38273BACCA004CA25F /* GitRepoSearchTests */ = {
			isa = PBXNativeTarget;
			buildConfigurationList = 4CD2DA50273BACCA004CA25F /* Build configuration list for PBXNativeTarget "GitRepoSearchTests" */;
			buildPhases = (
				4CD2DA35273BACCA004CA25F /* Sources */,
				4CD2DA36273BACCA004CA25F /* Frameworks */,
				4CD2DA37273BACCA004CA25F /* Resources */,
			);
			buildRules = (
			);
			dependencies = (
				4CD2DA3B273BACCA004CA25F /* PBXTargetDependency */,
			);
			name = GitRepoSearchTests;
			productName = GitRepoSearchTests;
			productReference = 4CD2DA39273BACCA004CA25F /* GitRepoSearchTests.xctest */;
			productType = "com.apple.product-type.bundle.unit-test";
		};
		4CD2DA43273BACCA004CA25F /* GitRepoSearchUITests */ = {
			isa = PBXNativeTarget;
			buildConfigurationList = 4CD2DA53273BACCA004CA25F /* Build configuration list for PBXNativeTarget "GitRepoSearchUITests" */;
			buildPhases = (
				4CD2DA40273BACCA004CA25F /* Sources */,
				4CD2DA41273BACCA004CA25F /* Frameworks */,
				4CD2DA42273BACCA004CA25F /* Resources */,
			);
			buildRules = (
			);
			dependencies = (
				4CD2DA46273BACCA004CA25F /* PBXTargetDependency */,
			);
			name = GitRepoSearchUITests;
			productName = GitRepoSearchUITests;
			productReference = 4CD2DA44273BACCA004CA25F /* GitRepoSearchUITests.xctest */;
			productType = "com.apple.product-type.bundle.ui-testing";
		};
/* End PBXNativeTarget section */

/* Begin PBXProject section */
		4CD2DA1B273BACC8004CA25F /* Project object */ = {
			isa = PBXProject;
			attributes = {
				LastSwiftUpdateCheck = 1240;
				LastUpgradeCheck = 1240;
				TargetAttributes = {
					4CD2DA22273BACC8004CA25F = {
						CreatedOnToolsVersion = 12.4;
					};
					4CD2DA38273BACCA004CA25F = {
						CreatedOnToolsVersion = 12.4;
						TestTargetID = 4CD2DA22273BACC8004CA25F;
					};
					4CD2DA43273BACCA004CA25F = {
						CreatedOnToolsVersion = 12.4;
						TestTargetID = 4CD2DA22273BACC8004CA25F;
					};
				};
			};
			buildConfigurationList = 4CD2DA1E273BACC8004CA25F /* Build configuration list for PBXProject "GitRepoSearch" */;
			compatibilityVersion = "Xcode 9.3";
			developmentRegion = en;
			hasScannedForEncodings = 0;
			knownRegions = (
				en,
				Base,
			);
			mainGroup = 4CD2DA1A273BACC8004CA25F;
			productRefGroup = 4CD2DA24273BACC8004CA25F /* Products */;
			projectDirPath = "";
			projectRoot = "";
			targets = (
				4CD2DA22273BACC8004CA25F /* GitRepoSearch */,
				4CD2DA38273BACCA004CA25F /* GitRepoSearchTests */,
				4CD2DA43273BACCA004CA25F /* GitRepoSearchUITests */,
			);
		};
/* End PBXProject section */

/* Begin PBXResourcesBuildPhase section */
		4CD2DA21273BACC8004CA25F /* Resources */ = {
			isa = PBXResourcesBuildPhase;
			buildActionMask = 2147483647;
			files = (
				4CD2DA33273BACCA004CA25F /* LaunchScreen.storyboard in Resources */,
				4CD2DA30273BACCA004CA25F /* Assets.xcassets in Resources */,
				4CD2DA2E273BACC8004CA25F /* Main.storyboard in Resources */,
			);
			runOnlyForDeploymentPostprocessing = 0;
		};
		4CD2DA37273BACCA004CA25F /* Resources */ = {
			isa = PBXResourcesBuildPhase;
			buildActionMask = 2147483647;
			files = (
			);
			runOnlyForDeploymentPostprocessing = 0;
		};
		4CD2DA42273BACCA004CA25F /* Resources */ = {
			isa = PBXResourcesBuildPhase;
			buildActionMask = 2147483647;
			files = (
			);
			runOnlyForDeploymentPostprocessing = 0;
		};
/* End PBXResourcesBuildPhase section */

/* Begin PBXSourcesBuildPhase section */
		4CD2DA1F273BACC8004CA25F /* Sources */ = {
			isa = PBXSourcesBuildPhase;
			buildActionMask = 2147483647;
			files = (
				4CD2DA65273BADB9004CA25F /* License.swift in Sources */,
				4CD2DA73273BAE37004CA25F /* WebViewController.swift in Sources */,
				4CD2DAAC273BBB30004CA25F /* NetWork.swift in Sources */,
				4CD2DA5C273BADA3004CA25F /* Items.swift in Sources */,
				4CD2DAB3273BC0AF004CA25F /* UIView+DismissKeyBoard.swift in Sources */,
				4CD2DA27273BACC8004CA25F /* AppDelegate.swift in Sources */,
				4CD2DA6E273BAE2A004CA25F /* SearchRepoViewController.swift in Sources */,
				4CD2DA63273BADB9004CA25F /* Owner.swift in Sources */,
				4CD2DA29273BACC8004CA25F /* SceneDelegate.swift in Sources */,
				4CD2DA7B273BAFD5004CA25F /* API.swift in Sources */,
				4CD2DA64273BADB9004CA25F /* searchRepoResponse.swift in Sources */,
				4CD2DA80273BAFDE004CA25F /* Http.swift in Sources */,
			);
			runOnlyForDeploymentPostprocessing = 0;
		};
		4CD2DA35273BACCA004CA25F /* Sources */ = {
			isa = PBXSourcesBuildPhase;
			buildActionMask = 2147483647;
			files = (
				4CD2DA3E273BACCA004CA25F /* GitRepoSearchTests.swift in Sources */,
			);
			runOnlyForDeploymentPostprocessing = 0;
		};
		4CD2DA40273BACCA004CA25F /* Sources */ = {
			isa = PBXSourcesBuildPhase;
			buildActionMask = 2147483647;
			files = (
				4CD2DA49273BACCA004CA25F /* GitRepoSearchUITests.swift in Sources */,
			);
			runOnlyForDeploymentPostprocessing = 0;
		};
/* End PBXSourcesBuildPhase section */

/* Begin PBXTargetDependency section */
		4CD2DA3B273BACCA004CA25F /* PBXTargetDependency */ = {
			isa = PBXTargetDependency;
			target = 4CD2DA22273BACC8004CA25F /* GitRepoSearch */;
			targetProxy = 4CD2DA3A273BACCA004CA25F /* PBXContainerItemProxy */;
		};
		4CD2DA46273BACCA004CA25F /* PBXTargetDependency */ = {
			isa = PBXTargetDependency;
			target = 4CD2DA22273BACC8004CA25F /* GitRepoSearch */;
			targetProxy = 4CD2DA45273BACCA004CA25F /* PBXContainerItemProxy */;
		};
/* End PBXTargetDependency section */

/* Begin PBXVariantGroup section */
		4CD2DA2C273BACC8004CA25F /* Main.storyboard */ = {
			isa = PBXVariantGroup;
			children = (
				4CD2DA2D273BACC8004CA25F /* Base */,
			);
			name = Main.storyboard;
			sourceTree = "<group>";
		};
		4CD2DA31273BACCA004CA25F /* LaunchScreen.storyboard */ = {
			isa = PBXVariantGroup;
			children = (
				4CD2DA32273BACCA004CA25F /* Base */,
			);
			name = LaunchScreen.storyboard;
			sourceTree = "<group>";
		};
/* End PBXVariantGroup section */

/* Begin XCBuildConfiguration section */
		4CD2DA4B273BACCA004CA25F /* Debug */ = {
			isa = XCBuildConfiguration;
			buildSettings = {
				ALWAYS_SEARCH_USER_PATHS = NO;
				CLANG_ANALYZER_NONNULL = YES;
				CLANG_ANALYZER_NUMBER_OBJECT_CONVERSION = YES_AGGRESSIVE;
				CLANG_CXX_LANGUAGE_STANDARD = "gnu++14";
				CLANG_CXX_LIBRARY = "libc++";
				CLANG_ENABLE_MODULES = YES;
				CLANG_ENABLE_OBJC_ARC = YES;
				CLANG_ENABLE_OBJC_WEAK = YES;
				CLANG_WARN_BLOCK_CAPTURE_AUTORELEASING = YES;
				CLANG_WARN_BOOL_CONVERSION = YES;
				CLANG_WARN_COMMA = YES;
				CLANG_WARN_CONSTANT_CONVERSION = YES;
				CLANG_WARN_DEPRECATED_OBJC_IMPLEMENTATIONS = YES;
				CLANG_WARN_DIRECT_OBJC_ISA_USAGE = YES_ERROR;
				CLANG_WARN_DOCUMENTATION_COMMENTS = YES;
				CLANG_WARN_EMPTY_BODY = YES;
				CLANG_WARN_ENUM_CONVERSION = YES;
				CLANG_WARN_INFINITE_RECURSION = YES;
				CLANG_WARN_INT_CONVERSION = YES;
				CLANG_WARN_NON_LITERAL_NULL_CONVERSION = YES;
				CLANG_WARN_OBJC_IMPLICIT_RETAIN_SELF = YES;
				CLANG_WARN_OBJC_LITERAL_CONVERSION = YES;
				CLANG_WARN_OBJC_ROOT_CLASS = YES_ERROR;
				CLANG_WARN_QUOTED_INCLUDE_IN_FRAMEWORK_HEADER = YES;
				CLANG_WARN_RANGE_LOOP_ANALYSIS = YES;
				CLANG_WARN_STRICT_PROTOTYPES = YES;
				CLANG_WARN_SUSPICIOUS_MOVE = YES;
				CLANG_WARN_UNGUARDED_AVAILABILITY = YES_AGGRESSIVE;
				CLANG_WARN_UNREACHABLE_CODE = YES;
				CLANG_WARN__DUPLICATE_METHOD_MATCH = YES;
				COPY_PHASE_STRIP = NO;
				DEBUG_INFORMATION_FORMAT = dwarf;
				ENABLE_STRICT_OBJC_MSGSEND = YES;
				ENABLE_TESTABILITY = YES;
				GCC_C_LANGUAGE_STANDARD = gnu11;
				GCC_DYNAMIC_NO_PIC = NO;
				GCC_NO_COMMON_BLOCKS = YES;
				GCC_OPTIMIZATION_LEVEL = 0;
				GCC_PREPROCESSOR_DEFINITIONS = (
					"DEBUG=1",
					"$(inherited)",
				);
				GCC_WARN_64_TO_32_BIT_CONVERSION = YES;
				GCC_WARN_ABOUT_RETURN_TYPE = YES_ERROR;
				GCC_WARN_UNDECLARED_SELECTOR = YES;
				GCC_WARN_UNINITIALIZED_AUTOS = YES_AGGRESSIVE;
				GCC_WARN_UNUSED_FUNCTION = YES;
				GCC_WARN_UNUSED_VARIABLE = YES;
				IPHONEOS_DEPLOYMENT_TARGET = 14.4;
				MTL_ENABLE_DEBUG_INFO = INCLUDE_SOURCE;
				MTL_FAST_MATH = YES;
				ONLY_ACTIVE_ARCH = YES;
				SDKROOT = iphoneos;
				SWIFT_ACTIVE_COMPILATION_CONDITIONS = DEBUG;
				SWIFT_OPTIMIZATION_LEVEL = "-Onone";
			};
			name = Debug;
		};
		4CD2DA4C273BACCA004CA25F /* Release */ = {
			isa = XCBuildConfiguration;
			buildSettings = {
				ALWAYS_SEARCH_USER_PATHS = NO;
				CLANG_ANALYZER_NONNULL = YES;
				CLANG_ANALYZER_NUMBER_OBJECT_CONVERSION = YES_AGGRESSIVE;
				CLANG_CXX_LANGUAGE_STANDARD = "gnu++14";
				CLANG_CXX_LIBRARY = "libc++";
				CLANG_ENABLE_MODULES = YES;
				CLANG_ENABLE_OBJC_ARC = YES;
				CLANG_ENABLE_OBJC_WEAK = YES;
				CLANG_WARN_BLOCK_CAPTURE_AUTORELEASING = YES;
				CLANG_WARN_BOOL_CONVERSION = YES;
				CLANG_WARN_COMMA = YES;
				CLANG_WARN_CONSTANT_CONVERSION = YES;
				CLANG_WARN_DEPRECATED_OBJC_IMPLEMENTATIONS = YES;
				CLANG_WARN_DIRECT_OBJC_ISA_USAGE = YES_ERROR;
				CLANG_WARN_DOCUMENTATION_COMMENTS = YES;
				CLANG_WARN_EMPTY_BODY = YES;
				CLANG_WARN_ENUM_CONVERSION = YES;
				CLANG_WARN_INFINITE_RECURSION = YES;
				CLANG_WARN_INT_CONVERSION = YES;
				CLANG_WARN_NON_LITERAL_NULL_CONVERSION = YES;
				CLANG_WARN_OBJC_IMPLICIT_RETAIN_SELF = YES;
				CLANG_WARN_OBJC_LITERAL_CONVERSION = YES;
				CLANG_WARN_OBJC_ROOT_CLASS = YES_ERROR;
				CLANG_WARN_QUOTED_INCLUDE_IN_FRAMEWORK_HEADER = YES;
				CLANG_WARN_RANGE_LOOP_ANALYSIS = YES;
				CLANG_WARN_STRICT_PROTOTYPES = YES;
				CLANG_WARN_SUSPICIOUS_MOVE = YES;
				CLANG_WARN_UNGUARDED_AVAILABILITY = YES_AGGRESSIVE;
				CLANG_WARN_UNREACHABLE_CODE = YES;
				CLANG_WARN__DUPLICATE_METHOD_MATCH = YES;
				COPY_PHASE_STRIP = NO;
				DEBUG_INFORMATION_FORMAT = "dwarf-with-dsym";
				ENABLE_NS_ASSERTIONS = NO;
				ENABLE_STRICT_OBJC_MSGSEND = YES;
				GCC_C_LANGUAGE_STANDARD = gnu11;
				GCC_NO_COMMON_BLOCKS = YES;
				GCC_WARN_64_TO_32_BIT_CONVERSION = YES;
				GCC_WARN_ABOUT_RETURN_TYPE = YES_ERROR;
				GCC_WARN_UNDECLARED_SELECTOR = YES;
				GCC_WARN_UNINITIALIZED_AUTOS = YES_AGGRESSIVE;
				GCC_WARN_UNUSED_FUNCTION = YES;
				GCC_WARN_UNUSED_VARIABLE = YES;
				IPHONEOS_DEPLOYMENT_TARGET = 14.4;
				MTL_ENABLE_DEBUG_INFO = NO;
				MTL_FAST_MATH = YES;
				SDKROOT = iphoneos;
				SWIFT_COMPILATION_MODE = wholemodule;
				SWIFT_OPTIMIZATION_LEVEL = "-O";
				VALIDATE_PRODUCT = YES;
			};
			name = Release;
		};
		4CD2DA4E273BACCA004CA25F /* Debug */ = {
			isa = XCBuildConfiguration;
			buildSettings = {
				ASSETCATALOG_COMPILER_APPICON_NAME = AppIcon;
				ASSETCATALOG_COMPILER_GLOBAL_ACCENT_COLOR_NAME = AccentColor;
				CODE_SIGN_STYLE = Automatic;
				DEVELOPMENT_TEAM = 4UP69BH7R6;
				INFOPLIST_FILE = GitRepoSearch/Info.plist;
				LD_RUNPATH_SEARCH_PATHS = (
					"$(inherited)",
					"@executable_path/Frameworks",
				);
				PRODUCT_BUNDLE_IDENTIFIER = com.comquas.GitRepoSearch;
				PRODUCT_NAME = "$(TARGET_NAME)";
				SWIFT_VERSION = 5.0;
				TARGETED_DEVICE_FAMILY = "1,2";
			};
			name = Debug;
		};
		4CD2DA4F273BACCA004CA25F /* Release */ = {
			isa = XCBuildConfiguration;
			buildSettings = {
				ASSETCATALOG_COMPILER_APPICON_NAME = AppIcon;
				ASSETCATALOG_COMPILER_GLOBAL_ACCENT_COLOR_NAME = AccentColor;
				CODE_SIGN_STYLE = Automatic;
				DEVELOPMENT_TEAM = 4UP69BH7R6;
				INFOPLIST_FILE = GitRepoSearch/Info.plist;
				LD_RUNPATH_SEARCH_PATHS = (
					"$(inherited)",
					"@executable_path/Frameworks",
				);
				PRODUCT_BUNDLE_IDENTIFIER = com.comquas.GitRepoSearch;
				PRODUCT_NAME = "$(TARGET_NAME)";
				SWIFT_VERSION = 5.0;
				TARGETED_DEVICE_FAMILY = "1,2";
			};
			name = Release;
		};
		4CD2DA51273BACCA004CA25F /* Debug */ = {
			isa = XCBuildConfiguration;
			buildSettings = {
				ALWAYS_EMBED_SWIFT_STANDARD_LIBRARIES = YES;
				BUNDLE_LOADER = "$(TEST_HOST)";
				CODE_SIGN_STYLE = Automatic;
				DEVELOPMENT_TEAM = Q4NDK9X5Y4;
				INFOPLIST_FILE = GitRepoSearchTests/Info.plist;
				IPHONEOS_DEPLOYMENT_TARGET = 14.4;
				LD_RUNPATH_SEARCH_PATHS = (
					"$(inherited)",
					"@executable_path/Frameworks",
					"@loader_path/Frameworks",
				);
				PRODUCT_BUNDLE_IDENTIFIER = com.comquas.GitRepoSearchTests;
				PRODUCT_NAME = "$(TARGET_NAME)";
				SWIFT_VERSION = 5.0;
				TARGETED_DEVICE_FAMILY = "1,2";
				TEST_HOST = "$(BUILT_PRODUCTS_DIR)/GitRepoSearch.app/GitRepoSearch";
			};
			name = Debug;
		};
		4CD2DA52273BACCA004CA25F /* Release */ = {
			isa = XCBuildConfiguration;
			buildSettings = {
				ALWAYS_EMBED_SWIFT_STANDARD_LIBRARIES = YES;
				BUNDLE_LOADER = "$(TEST_HOST)";
				CODE_SIGN_STYLE = Automatic;
				DEVELOPMENT_TEAM = Q4NDK9X5Y4;
				INFOPLIST_FILE = GitRepoSearchTests/Info.plist;
				IPHONEOS_DEPLOYMENT_TARGET = 14.4;
				LD_RUNPATH_SEARCH_PATHS = (
					"$(inherited)",
					"@executable_path/Frameworks",
					"@loader_path/Frameworks",
				);
				PRODUCT_BUNDLE_IDENTIFIER = com.comquas.GitRepoSearchTests;
				PRODUCT_NAME = "$(TARGET_NAME)";
				SWIFT_VERSION = 5.0;
				TARGETED_DEVICE_FAMILY = "1,2";
				TEST_HOST = "$(BUILT_PRODUCTS_DIR)/GitRepoSearch.app/GitRepoSearch";
			};
			name = Release;
		};
		4CD2DA54273BACCA004CA25F /* Debug */ = {
			isa = XCBuildConfiguration;
			buildSettings = {
				ALWAYS_EMBED_SWIFT_STANDARD_LIBRARIES = YES;
				CODE_SIGN_STYLE = Automatic;
				DEVELOPMENT_TEAM = Q4NDK9X5Y4;
				INFOPLIST_FILE = GitRepoSearchUITests/Info.plist;
				LD_RUNPATH_SEARCH_PATHS = (
					"$(inherited)",
					"@executable_path/Frameworks",
					"@loader_path/Frameworks",
				);
				PRODUCT_BUNDLE_IDENTIFIER = com.comquas.GitRepoSearchUITests;
				PRODUCT_NAME = "$(TARGET_NAME)";
				SWIFT_VERSION = 5.0;
				TARGETED_DEVICE_FAMILY = "1,2";
				TEST_TARGET_NAME = GitRepoSearch;
			};
			name = Debug;
		};
		4CD2DA55273BACCA004CA25F /* Release */ = {
			isa = XCBuildConfiguration;
			buildSettings = {
				ALWAYS_EMBED_SWIFT_STANDARD_LIBRARIES = YES;
				CODE_SIGN_STYLE = Automatic;
				DEVELOPMENT_TEAM = Q4NDK9X5Y4;
				INFOPLIST_FILE = GitRepoSearchUITests/Info.plist;
				LD_RUNPATH_SEARCH_PATHS = (
					"$(inherited)",
					"@executable_path/Frameworks",
					"@loader_path/Frameworks",
				);
				PRODUCT_BUNDLE_IDENTIFIER = com.comquas.GitRepoSearchUITests;
				PRODUCT_NAME = "$(TARGET_NAME)";
				SWIFT_VERSION = 5.0;
				TARGETED_DEVICE_FAMILY = "1,2";
				TEST_TARGET_NAME = GitRepoSearch;
			};
			name = Release;
		};
/* End XCBuildConfiguration section */

/* Begin XCConfigurationList section */
		4CD2DA1E273BACC8004CA25F /* Build configuration list for PBXProject "GitRepoSearch" */ = {
			isa = XCConfigurationList;
			buildConfigurations = (
				4CD2DA4B273BACCA004CA25F /* Debug */,
				4CD2DA4C273BACCA004CA25F /* Release */,
			);
			defaultConfigurationIsVisible = 0;
			defaultConfigurationName = Release;
		};
		4CD2DA4D273BACCA004CA25F /* Build configuration list for PBXNativeTarget "GitRepoSearch" */ = {
			isa = XCConfigurationList;
			buildConfigurations = (
				4CD2DA4E273BACCA004CA25F /* Debug */,
				4CD2DA4F273BACCA004CA25F /* Release */,
			);
			defaultConfigurationIsVisible = 0;
			defaultConfigurationName = Release;
		};
		4CD2DA50273BACCA004CA25F /* Build configuration list for PBXNativeTarget "GitRepoSearchTests" */ = {
			isa = XCConfigurationList;
			buildConfigurations = (
				4CD2DA51273BACCA004CA25F /* Debug */,
				4CD2DA52273BACCA004CA25F /* Release */,
			);
			defaultConfigurationIsVisible = 0;
			defaultConfigurationName = Release;
		};
		4CD2DA53273BACCA004CA25F /* Build configuration list for PBXNativeTarget "GitRepoSearchUITests" */ = {
			isa = XCConfigurationList;
			buildConfigurations = (
				4CD2DA54273BACCA004CA25F /* Debug */,
				4CD2DA55273BACCA004CA25F /* Release */,
			);
			defaultConfigurationIsVisible = 0;
			defaultConfigurationName = Release;
		};
/* End XCConfigurationList section */
	};
	rootObject = 4CD2DA1B273BACC8004CA25F /* Project object */;
}
